// !$*UTF8*$!
{
	archiveVersion = 1;
	classes = {
	};
	objectVersion = 46;
	objects = {

/* Begin PBXBuildFile section */
		8C17C6551EEF3447000ACC87 /* AppDelegate.swift in Sources */ = {isa = PBXBuildFile; fileRef = 8C17C6541EEF3447000ACC87 /* AppDelegate.swift */; };
		8C17C65C1EEF3447000ACC87 /* Assets.xcassets in Resources */ = {isa = PBXBuildFile; fileRef = 8C17C65B1EEF3447000ACC87 /* Assets.xcassets */; };
		8C17C65F1EEF3447000ACC87 /* LaunchScreen.storyboard in Resources */ = {isa = PBXBuildFile; fileRef = 8C17C65D1EEF3447000ACC87 /* LaunchScreen.storyboard */; };
		8C17C6671EEF57CE000ACC87 /* GoogleService-Info.plist in Resources */ = {isa = PBXBuildFile; fileRef = 8C17C6661EEF57CE000ACC87 /* GoogleService-Info.plist */; };
		8C17C66A1EF1C42B000ACC87 /* Start.storyboard in Resources */ = {isa = PBXBuildFile; fileRef = 8C17C6691EF1C42B000ACC87 /* Start.storyboard */; };
		8C17C66C1EF1C577000ACC87 /* SignInViewController.swift in Sources */ = {isa = PBXBuildFile; fileRef = 8C17C66B1EF1C577000ACC87 /* SignInViewController.swift */; };
		8C17C66E1EF1CB09000ACC87 /* SignUpViewController.swift in Sources */ = {isa = PBXBuildFile; fileRef = 8C17C66D1EF1CB09000ACC87 /* SignUpViewController.swift */; };
		8C17C6701EF20FA8000ACC87 /* HomeViewController.swift in Sources */ = {isa = PBXBuildFile; fileRef = 8C17C66F1EF20FA8000ACC87 /* HomeViewController.swift */; };
		8C17C6721EF20FBB000ACC87 /* PhotosViewController.swift in Sources */ = {isa = PBXBuildFile; fileRef = 8C17C6711EF20FBB000ACC87 /* PhotosViewController.swift */; };
		8C2DCF781F0D42AB00898B53 /* NetworkCall.swift in Sources */ = {isa = PBXBuildFile; fileRef = 8C2DCF771F0D42AB00898B53 /* NetworkCall.swift */; };
		8C6059931EF2E546009F77C6 /* Main.storyboard in Resources */ = {isa = PBXBuildFile; fileRef = 8C6059921EF2E546009F77C6 /* Main.storyboard */; };
		8C6059971EF2EDC9009F77C6 /* Home.storyboard in Resources */ = {isa = PBXBuildFile; fileRef = 8C6059961EF2EDC9009F77C6 /* Home.storyboard */; };
		8C6059991EF2F509009F77C6 /* Photos.storyboard in Resources */ = {isa = PBXBuildFile; fileRef = 8C6059981EF2F509009F77C6 /* Photos.storyboard */; };
		8CA3A63E1EF63ECF00CDC0EE /* AuthService.swift in Sources */ = {isa = PBXBuildFile; fileRef = 8CA3A63D1EF63ECF00CDC0EE /* AuthService.swift */; };
		8CA3A6421EF7979400CDC0EE /* Config.swift in Sources */ = {isa = PBXBuildFile; fileRef = 8CA3A6411EF7979400CDC0EE /* Config.swift */; };
		8CA3A6471EF79FFB00CDC0EE /* ProgressHUD.bundle in Resources */ = {isa = PBXBuildFile; fileRef = 8CA3A6441EF79FFB00CDC0EE /* ProgressHUD.bundle */; };
		8CA3A6481EF79FFB00CDC0EE /* ProgressHUD.m in Sources */ = {isa = PBXBuildFile; fileRef = 8CA3A6461EF79FFB00CDC0EE /* ProgressHUD.m */; };
		8CA3A64A1EF9A23B00CDC0EE /* DetailViewController.swift in Sources */ = {isa = PBXBuildFile; fileRef = 8CA3A6491EF9A23B00CDC0EE /* DetailViewController.swift */; };
		8CA5368E1F06D9720079E0F4 /* Photo.swift in Sources */ = {isa = PBXBuildFile; fileRef = 8CA5368D1F06D9720079E0F4 /* Photo.swift */; };
		8CCE8F8A1F0430D4009EE492 /* PhotoCell.swift in Sources */ = {isa = PBXBuildFile; fileRef = 8CCE8F891F0430D4009EE492 /* PhotoCell.swift */; };
		EA8DFF36E3958ED9713B216D /* Pods_CloudAndCamera.framework in Frameworks */ = {isa = PBXBuildFile; fileRef = 60F0037C25316D2FEA70AAD8 /* Pods_CloudAndCamera.framework */; };
/* End PBXBuildFile section */

/* Begin PBXFileReference section */
		1D6033C8A5CA89C1199926E0 /* Pods-CloudAndCamera.debug.xcconfig */ = {isa = PBXFileReference; includeInIndex = 1; lastKnownFileType = text.xcconfig; name = "Pods-CloudAndCamera.debug.xcconfig"; path = "Pods/Target Support Files/Pods-CloudAndCamera/Pods-CloudAndCamera.debug.xcconfig"; sourceTree = "<group>"; };
		60F0037C25316D2FEA70AAD8 /* Pods_CloudAndCamera.framework */ = {isa = PBXFileReference; explicitFileType = wrapper.framework; includeInIndex = 0; path = Pods_CloudAndCamera.framework; sourceTree = BUILT_PRODUCTS_DIR; };
		8C17C6511EEF3447000ACC87 /* CloudAndCamera.app */ = {isa = PBXFileReference; explicitFileType = wrapper.application; includeInIndex = 0; path = CloudAndCamera.app; sourceTree = BUILT_PRODUCTS_DIR; };
		8C17C6541EEF3447000ACC87 /* AppDelegate.swift */ = {isa = PBXFileReference; lastKnownFileType = sourcecode.swift; path = AppDelegate.swift; sourceTree = "<group>"; };
		8C17C65B1EEF3447000ACC87 /* Assets.xcassets */ = {isa = PBXFileReference; lastKnownFileType = folder.assetcatalog; path = Assets.xcassets; sourceTree = "<group>"; };
		8C17C65E1EEF3447000ACC87 /* Base */ = {isa = PBXFileReference; lastKnownFileType = file.storyboard; name = Base; path = Base.lproj/LaunchScreen.storyboard; sourceTree = "<group>"; };
		8C17C6601EEF3447000ACC87 /* Info.plist */ = {isa = PBXFileReference; lastKnownFileType = text.plist.xml; path = Info.plist; sourceTree = "<group>"; };
		8C17C6661EEF57CE000ACC87 /* GoogleService-Info.plist */ = {isa = PBXFileReference; fileEncoding = 4; lastKnownFileType = text.plist.xml; path = "GoogleService-Info.plist"; sourceTree = "<group>"; };
		8C17C6691EF1C42B000ACC87 /* Start.storyboard */ = {isa = PBXFileReference; fileEncoding = 4; lastKnownFileType = file.storyboard; path = Start.storyboard; sourceTree = "<group>"; };
		8C17C66B1EF1C577000ACC87 /* SignInViewController.swift */ = {isa = PBXFileReference; fileEncoding = 4; lastKnownFileType = sourcecode.swift; path = SignInViewController.swift; sourceTree = "<group>"; };
		8C17C66D1EF1CB09000ACC87 /* SignUpViewController.swift */ = {isa = PBXFileReference; fileEncoding = 4; lastKnownFileType = sourcecode.swift; path = SignUpViewController.swift; sourceTree = "<group>"; };
		8C17C66F1EF20FA8000ACC87 /* HomeViewController.swift */ = {isa = PBXFileReference; fileEncoding = 4; lastKnownFileType = sourcecode.swift; path = HomeViewController.swift; sourceTree = "<group>"; };
		8C17C6711EF20FBB000ACC87 /* PhotosViewController.swift */ = {isa = PBXFileReference; fileEncoding = 4; lastKnownFileType = sourcecode.swift; path = PhotosViewController.swift; sourceTree = "<group>"; };
		8C2DCF771F0D42AB00898B53 /* NetworkCall.swift */ = {isa = PBXFileReference; fileEncoding = 4; lastKnownFileType = sourcecode.swift; path = NetworkCall.swift; sourceTree = "<group>"; };
		8C6059921EF2E546009F77C6 /* Main.storyboard */ = {isa = PBXFileReference; fileEncoding = 4; lastKnownFileType = file.storyboard; path = Main.storyboard; sourceTree = "<group>"; };
		8C6059961EF2EDC9009F77C6 /* Home.storyboard */ = {isa = PBXFileReference; fileEncoding = 4; lastKnownFileType = file.storyboard; path = Home.storyboard; sourceTree = "<group>"; };
		8C6059981EF2F509009F77C6 /* Photos.storyboard */ = {isa = PBXFileReference; fileEncoding = 4; lastKnownFileType = file.storyboard; path = Photos.storyboard; sourceTree = "<group>"; };
		8CA3A63D1EF63ECF00CDC0EE /* AuthService.swift */ = {isa = PBXFileReference; fileEncoding = 4; lastKnownFileType = sourcecode.swift; path = AuthService.swift; sourceTree = "<group>"; };
		8CA3A6411EF7979400CDC0EE /* Config.swift */ = {isa = PBXFileReference; fileEncoding = 4; lastKnownFileType = sourcecode.swift; path = Config.swift; sourceTree = "<group>"; };
		8CA3A6431EF79FFB00CDC0EE /* CloudAndCamera-Bridging-Header.h */ = {isa = PBXFileReference; lastKnownFileType = sourcecode.c.h; path = "CloudAndCamera-Bridging-Header.h"; sourceTree = "<group>"; };
		8CA3A6441EF79FFB00CDC0EE /* ProgressHUD.bundle */ = {isa = PBXFileReference; lastKnownFileType = "wrapper.plug-in"; path = ProgressHUD.bundle; sourceTree = "<group>"; };
		8CA3A6451EF79FFB00CDC0EE /* ProgressHUD.h */ = {isa = PBXFileReference; fileEncoding = 4; lastKnownFileType = sourcecode.c.h; path = ProgressHUD.h; sourceTree = "<group>"; };
		8CA3A6461EF79FFB00CDC0EE /* ProgressHUD.m */ = {isa = PBXFileReference; fileEncoding = 4; lastKnownFileType = sourcecode.c.objc; path = ProgressHUD.m; sourceTree = "<group>"; };
		8CA3A6491EF9A23B00CDC0EE /* DetailViewController.swift */ = {isa = PBXFileReference; fileEncoding = 4; lastKnownFileType = sourcecode.swift; path = DetailViewController.swift; sourceTree = "<group>"; };
		8CA5368D1F06D9720079E0F4 /* Photo.swift */ = {isa = PBXFileReference; fileEncoding = 4; lastKnownFileType = sourcecode.swift; path = Photo.swift; sourceTree = "<group>"; };
		8CCE8F891F0430D4009EE492 /* PhotoCell.swift */ = {isa = PBXFileReference; fileEncoding = 4; lastKnownFileType = sourcecode.swift; path = PhotoCell.swift; sourceTree = "<group>"; };
		F17E9A4AF6265010624ED6C1 /* Pods-CloudAndCamera.release.xcconfig */ = {isa = PBXFileReference; includeInIndex = 1; lastKnownFileType = text.xcconfig; name = "Pods-CloudAndCamera.release.xcconfig"; path = "Pods/Target Support Files/Pods-CloudAndCamera/Pods-CloudAndCamera.release.xcconfig"; sourceTree = "<group>"; };
/* End PBXFileReference section */

/* Begin PBXFrameworksBuildPhase section */
		8C17C64E1EEF3447000ACC87 /* Frameworks */ = {
			isa = PBXFrameworksBuildPhase;
			buildActionMask = 2147483647;
			files = (
				EA8DFF36E3958ED9713B216D /* Pods_CloudAndCamera.framework in Frameworks */,
			);
			runOnlyForDeploymentPostprocessing = 0;
		};
/* End PBXFrameworksBuildPhase section */

/* Begin PBXGroup section */
		6E49C210AD2BD1FD0F9F1C3E /* Pods */ = {
			isa = PBXGroup;
			children = (
				1D6033C8A5CA89C1199926E0 /* Pods-CloudAndCamera.debug.xcconfig */,
				F17E9A4AF6265010624ED6C1 /* Pods-CloudAndCamera.release.xcconfig */,
			);
			name = Pods;
			sourceTree = "<group>";
		};
		80164E84219AA398B6E42AC3 /* Frameworks */ = {
			isa = PBXGroup;
			children = (
				60F0037C25316D2FEA70AAD8 /* Pods_CloudAndCamera.framework */,
			);
			name = Frameworks;
			sourceTree = "<group>";
		};
		8C17C6481EEF3447000ACC87 = {
			isa = PBXGroup;
			children = (
				8C17C6531EEF3447000ACC87 /* CloudAndCamera */,
				8C17C6521EEF3447000ACC87 /* Products */,
				6E49C210AD2BD1FD0F9F1C3E /* Pods */,
				8C17C6681EF066F4000ACC87 /* Icons */,
				80164E84219AA398B6E42AC3 /* Frameworks */,
			);
			sourceTree = "<group>";
		};
		8C17C6521EEF3447000ACC87 /* Products */ = {
			isa = PBXGroup;
			children = (
				8C17C6511EEF3447000ACC87 /* CloudAndCamera.app */,
			);
			name = Products;
			sourceTree = "<group>";
		};
		8C17C6531EEF3447000ACC87 /* CloudAndCamera */ = {
			isa = PBXGroup;
			children = (
				8C17C6541EEF3447000ACC87 /* AppDelegate.swift */,
				8CA3A63D1EF63ECF00CDC0EE /* AuthService.swift */,
				8CA3A6411EF7979400CDC0EE /* Config.swift */,
				8CCE8F8B1F055DCA009EE492 /* Model */,
				8CCE8F8D1F055DD2009EE492 /* View */,
				8CCE8F8E1F055DD5009EE492 /* Controller */,
				8C17C65B1EEF3447000ACC87 /* Assets.xcassets */,
				8C17C65D1EEF3447000ACC87 /* LaunchScreen.storyboard */,
				8C17C6601EEF3447000ACC87 /* Info.plist */,
				8C17C6661EEF57CE000ACC87 /* GoogleService-Info.plist */,
				8CA3A6441EF79FFB00CDC0EE /* ProgressHUD.bundle */,
				8CA3A6451EF79FFB00CDC0EE /* ProgressHUD.h */,
				8CA3A6461EF79FFB00CDC0EE /* ProgressHUD.m */,
				8CA3A6431EF79FFB00CDC0EE /* CloudAndCamera-Bridging-Header.h */,
			);
			path = CloudAndCamera;
			sourceTree = "<group>";
		};
		8C17C6681EF066F4000ACC87 /* Icons */ = {
			isa = PBXGroup;
			children = (
			);
			name = Icons;
			sourceTree = "<group>";
		};
		8CA3A64B1EF9A24B00CDC0EE /* View Controllers */ = {
			isa = PBXGroup;
			children = (
				8CA3A6491EF9A23B00CDC0EE /* DetailViewController.swift */,
				8C17C66F1EF20FA8000ACC87 /* HomeViewController.swift */,
				8C17C6711EF20FBB000ACC87 /* PhotosViewController.swift */,
				8C17C66B1EF1C577000ACC87 /* SignInViewController.swift */,
				8C17C66D1EF1CB09000ACC87 /* SignUpViewController.swift */,
			);
			name = "View Controllers";
			sourceTree = "<group>";
		};
		8CA3A64C1EF9A28400CDC0EE /* Storyboards */ = {
			isa = PBXGroup;
			children = (
				8C17C6691EF1C42B000ACC87 /* Start.storyboard */,
				8C6059921EF2E546009F77C6 /* Main.storyboard */,
				8C6059961EF2EDC9009F77C6 /* Home.storyboard */,
				8C6059981EF2F509009F77C6 /* Photos.storyboard */,
			);
			name = Storyboards;
			sourceTree = "<group>";
		};
		8CCE8F8B1F055DCA009EE492 /* Model */ = {
			isa = PBXGroup;
			children = (
				8C2DCF771F0D42AB00898B53 /* NetworkCall.swift */,
				8CA5368D1F06D9720079E0F4 /* Photo.swift */,
				8CCE8F891F0430D4009EE492 /* PhotoCell.swift */,
			);
			name = Model;
			sourceTree = "<group>";
		};
		8CCE8F8D1F055DD2009EE492 /* View */ = {
			isa = PBXGroup;
			children = (
				8CA3A64C1EF9A28400CDC0EE /* Storyboards */,
			);
			name = View;
			sourceTree = "<group>";
		};
		8CCE8F8E1F055DD5009EE492 /* Controller */ = {
			isa = PBXGroup;
			children = (
				8CA3A64B1EF9A24B00CDC0EE /* View Controllers */,
			);
			name = Controller;
			sourceTree = "<group>";
		};
/* End PBXGroup section */

/* Begin PBXNativeTarget section */
		8C17C6501EEF3447000ACC87 /* CloudAndCamera */ = {
			isa = PBXNativeTarget;
			buildConfigurationList = 8C17C6631EEF3447000ACC87 /* Build configuration list for PBXNativeTarget "CloudAndCamera" */;
			buildPhases = (
				903BDFDAC43DB0990544063B /* [CP] Check Pods Manifest.lock */,
				8C17C64D1EEF3447000ACC87 /* Sources */,
				8C17C64E1EEF3447000ACC87 /* Frameworks */,
				8C17C64F1EEF3447000ACC87 /* Resources */,
				F69CD3CAACEB72CFF2DEB0BE /* [CP] Embed Pods Frameworks */,
				A3E92072EBA4B53A2980C664 /* [CP] Copy Pods Resources */,
			);
			buildRules = (
			);
			dependencies = (
			);
			name = CloudAndCamera;
			productName = CloudAndCamera;
			productReference = 8C17C6511EEF3447000ACC87 /* CloudAndCamera.app */;
			productType = "com.apple.product-type.application";
		};
/* End PBXNativeTarget section */

/* Begin PBXProject section */
		8C17C6491EEF3447000ACC87 /* Project object */ = {
			isa = PBXProject;
			attributes = {
				LastSwiftUpdateCheck = 0830;
				LastUpgradeCheck = 0830;
				ORGANIZATIONNAME = "Miguel Tepale";
				TargetAttributes = {
					8C17C6501EEF3447000ACC87 = {
						CreatedOnToolsVersion = 8.3.2;
						DevelopmentTeam = 5C8D6R84CB;
						LastSwiftMigration = 0830;
						ProvisioningStyle = Automatic;
					};
				};
			};
			buildConfigurationList = 8C17C64C1EEF3447000ACC87 /* Build configuration list for PBXProject "CloudAndCamera" */;
			compatibilityVersion = "Xcode 3.2";
			developmentRegion = English;
			hasScannedForEncodings = 0;
			knownRegions = (
				en,
				Base,
			);
			mainGroup = 8C17C6481EEF3447000ACC87;
			productRefGroup = 8C17C6521EEF3447000ACC87 /* Products */;
			projectDirPath = "";
			projectRoot = "";
			targets = (
				8C17C6501EEF3447000ACC87 /* CloudAndCamera */,
			);
		};
/* End PBXProject section */

/* Begin PBXResourcesBuildPhase section */
		8C17C64F1EEF3447000ACC87 /* Resources */ = {
			isa = PBXResourcesBuildPhase;
			buildActionMask = 2147483647;
			files = (
				8CA3A6471EF79FFB00CDC0EE /* ProgressHUD.bundle in Resources */,
				8C6059991EF2F509009F77C6 /* Photos.storyboard in Resources */,
				8C17C65F1EEF3447000ACC87 /* LaunchScreen.storyboard in Resources */,
				8C6059931EF2E546009F77C6 /* Main.storyboard in Resources */,
				8C17C6671EEF57CE000ACC87 /* GoogleService-Info.plist in Resources */,
				8C6059971EF2EDC9009F77C6 /* Home.storyboard in Resources */,
				8C17C66A1EF1C42B000ACC87 /* Start.storyboard in Resources */,
				8C17C65C1EEF3447000ACC87 /* Assets.xcassets in Resources */,
			);
			runOnlyForDeploymentPostprocessing = 0;
		};
/* End PBXResourcesBuildPhase section */

/* Begin PBXShellScriptBuildPhase section */
		903BDFDAC43DB0990544063B /* [CP] Check Pods Manifest.lock */ = {
			isa = PBXShellScriptBuildPhase;
			buildActionMask = 2147483647;
			files = (
			);
			inputPaths = (
			);
			name = "[CP] Check Pods Manifest.lock";
			outputPaths = (
			);
			runOnlyForDeploymentPostprocessing = 0;
			shellPath = /bin/sh;
			shellScript = "diff \"${PODS_PODFILE_DIR_PATH}/Podfile.lock\" \"${PODS_ROOT}/Manifest.lock\" > /dev/null\nif [ $? != 0 ] ; then\n    # print error to STDERR\n    echo \"error: The sandbox is not in sync with the Podfile.lock. Run 'pod install' or update your CocoaPods installation.\" >&2\n    exit 1\nfi\n";
			showEnvVarsInLog = 0;
		};
		A3E92072EBA4B53A2980C664 /* [CP] Copy Pods Resources */ = {
			isa = PBXShellScriptBuildPhase;
			buildActionMask = 2147483647;
			files = (
			);
			inputPaths = (
			);
			name = "[CP] Copy Pods Resources";
			outputPaths = (
			);
			runOnlyForDeploymentPostprocessing = 0;
			shellPath = /bin/sh;
			shellScript = "\"${SRCROOT}/Pods/Target Support Files/Pods-CloudAndCamera/Pods-CloudAndCamera-resources.sh\"\n";
			showEnvVarsInLog = 0;
		};
		F69CD3CAACEB72CFF2DEB0BE /* [CP] Embed Pods Frameworks */ = {
			isa = PBXShellScriptBuildPhase;
			buildActionMask = 2147483647;
			files = (
			);
			inputPaths = (
			);
			name = "[CP] Embed Pods Frameworks";
			outputPaths = (
			);
			runOnlyForDeploymentPostprocessing = 0;
			shellPath = /bin/sh;
			shellScript = "\"${SRCROOT}/Pods/Target Support Files/Pods-CloudAndCamera/Pods-CloudAndCamera-frameworks.sh\"\n";
			showEnvVarsInLog = 0;
		};
/* End PBXShellScriptBuildPhase section */

/* Begin PBXSourcesBuildPhase section */
		8C17C64D1EEF3447000ACC87 /* Sources */ = {
			isa = PBXSourcesBuildPhase;
			buildActionMask = 2147483647;
			files = (
				8CA3A64A1EF9A23B00CDC0EE /* DetailViewController.swift in Sources */,
				8C17C6551EEF3447000ACC87 /* AppDelegate.swift in Sources */,
				8C17C66E1EF1CB09000ACC87 /* SignUpViewController.swift in Sources */,
				8C17C66C1EF1C577000ACC87 /* SignInViewController.swift in Sources */,
				8CA3A6421EF7979400CDC0EE /* Config.swift in Sources */,
				8CA3A63E1EF63ECF00CDC0EE /* AuthService.swift in Sources */,
				8CCE8F8A1F0430D4009EE492 /* PhotoCell.swift in Sources */,
				8CA5368E1F06D9720079E0F4 /* Photo.swift in Sources */,
				8C17C6701EF20FA8000ACC87 /* HomeViewController.swift in Sources */,
				8CA3A6481EF79FFB00CDC0EE /* ProgressHUD.m in Sources */,
				8C2DCF781F0D42AB00898B53 /* NetworkCall.swift in Sources */,
				8C17C6721EF20FBB000ACC87 /* PhotosViewController.swift in Sources */,
			);
			runOnlyForDeploymentPostprocessing = 0;
		};
/* End PBXSourcesBuildPhase section */

/* Begin PBXVariantGroup section */
		8C17C65D1EEF3447000ACC87 /* LaunchScreen.storyboard */ = {
			isa = PBXVariantGroup;
			children = (
				8C17C65E1EEF3447000ACC87 /* Base */,
			);
			name = LaunchScreen.storyboard;
			sourceTree = "<group>";
		};
/* End PBXVariantGroup section */

/* Begin XCBuildConfiguration section */
		8C17C6611EEF3447000ACC87 /* Debug */ = {
			isa = XCBuildConfiguration;
			buildSettings = {
				ALWAYS_SEARCH_USER_PATHS = NO;
				CLANG_ANALYZER_NONNULL = YES;
				CLANG_ANALYZER_NUMBER_OBJECT_CONVERSION = YES_AGGRESSIVE;
				CLANG_CXX_LANGUAGE_STANDARD = "gnu++0x";
				CLANG_CXX_LIBRARY = "libc++";
				CLANG_ENABLE_MODULES = YES;
				CLANG_ENABLE_OBJC_ARC = YES;
				CLANG_WARN_BOOL_CONVERSION = YES;
				CLANG_WARN_CONSTANT_CONVERSION = YES;
				CLANG_WARN_DIRECT_OBJC_ISA_USAGE = YES_ERROR;
				CLANG_WARN_DOCUMENTATION_COMMENTS = YES;
				CLANG_WARN_EMPTY_BODY = YES;
				CLANG_WARN_ENUM_CONVERSION = YES;
				CLANG_WARN_INFINITE_RECURSION = YES;
				CLANG_WARN_INT_CONVERSION = YES;
				CLANG_WARN_OBJC_ROOT_CLASS = YES_ERROR;
				CLANG_WARN_SUSPICIOUS_MOVE = YES;
				CLANG_WARN_UNREACHABLE_CODE = YES;
				CLANG_WARN__DUPLICATE_METHOD_MATCH = YES;
				"CODE_SIGN_IDENTITY[sdk=iphoneos*]" = "iPhone Developer";
				COPY_PHASE_STRIP = NO;
				DEBUG_INFORMATION_FORMAT = dwarf;
				ENABLE_STRICT_OBJC_MSGSEND = YES;
				ENABLE_TESTABILITY = YES;
				GCC_C_LANGUAGE_STANDARD = gnu99;
				GCC_DYNAMIC_NO_PIC = NO;
				GCC_NO_COMMON_BLOCKS = YES;
				GCC_OPTIMIZATION_LEVEL = 0;
				GCC_PREPROCESSOR_DEFINITIONS = (
					"DEBUG=1",
					"$(inherited)",
				);
				GCC_WARN_64_TO_32_BIT_CONVERSION = YES;
				GCC_WARN_ABOUT_RETURN_TYPE = YES_ERROR;
				GCC_WARN_UNDECLARED_SELECTOR = YES;
				GCC_WARN_UNINITIALIZED_AUTOS = YES_AGGRESSIVE;
				GCC_WARN_UNUSED_FUNCTION = YES;
				GCC_WARN_UNUSED_VARIABLE = YES;
				IPHONEOS_DEPLOYMENT_TARGET = 10.3;
				MTL_ENABLE_DEBUG_INFO = YES;
				ONLY_ACTIVE_ARCH = YES;
				SDKROOT = iphoneos;
				SWIFT_ACTIVE_COMPILATION_CONDITIONS = DEBUG;
				SWIFT_OPTIMIZATION_LEVEL = "-Onone";
			};
			name = Debug;
		};
		8C17C6621EEF3447000ACC87 /* Release */ = {
			isa = XCBuildConfiguration;
			buildSettings = {
				ALWAYS_SEARCH_USER_PATHS = NO;
				CLANG_ANALYZER_NONNULL = YES;
				CLANG_ANALYZER_NUMBER_OBJECT_CONVERSION = YES_AGGRESSIVE;
				CLANG_CXX_LANGUAGE_STANDARD = "gnu++0x";
				CLANG_CXX_LIBRARY = "libc++";
				CLANG_ENABLE_MODULES = YES;
				CLANG_ENABLE_OBJC_ARC = YES;
				CLANG_WARN_BOOL_CONVERSION = YES;
				CLANG_WARN_CONSTANT_CONVERSION = YES;
				CLANG_WARN_DIRECT_OBJC_ISA_USAGE = YES_ERROR;
				CLANG_WARN_DOCUMENTATION_COMMENTS = YES;
				CLANG_WARN_EMPTY_BODY = YES;
				CLANG_WARN_ENUM_CONVERSION = YES;
				CLANG_WARN_INFINITE_RECURSION = YES;
				CLANG_WARN_INT_CONVERSION = YES;
				CLANG_WARN_OBJC_ROOT_CLASS = YES_ERROR;
				CLANG_WARN_SUSPICIOUS_MOVE = YES;
				CLANG_WARN_UNREACHABLE_CODE = YES;
				CLANG_WARN__DUPLICATE_METHOD_MATCH = YES;
				"CODE_SIGN_IDENTITY[sdk=iphoneos*]" = "iPhone Developer";
				COPY_PHASE_STRIP = NO;
				DEBUG_INFORMATION_FORMAT = "dwarf-with-dsym";
				ENABLE_NS_ASSERTIONS = NO;
				ENABLE_STRICT_OBJC_MSGSEND = YES;
				GCC_C_LANGUAGE_STANDARD = gnu99;
				GCC_NO_COMMON_BLOCKS = YES;
				GCC_WARN_64_TO_32_BIT_CONVERSION = YES;
				GCC_WARN_ABOUT_RETURN_TYPE = YES_ERROR;
				GCC_WARN_UNDECLARED_SELECTOR = YES;
				GCC_WARN_UNINITIALIZED_AUTOS = YES_AGGRESSIVE;
				GCC_WARN_UNUSED_FUNCTION = YES;
				GCC_WARN_UNUSED_VARIABLE = YES;
				IPHONEOS_DEPLOYMENT_TARGET = 10.3;
				MTL_ENABLE_DEBUG_INFO = NO;
				SDKROOT = iphoneos;
				SWIFT_OPTIMIZATION_LEVEL = "-Owholemodule";
				VALIDATE_PRODUCT = YES;
			};
			name = Release;
		};
		8C17C6641EEF3447000ACC87 /* Debug */ = {
			isa = XCBuildConfiguration;
			baseConfigurationReference = 1D6033C8A5CA89C1199926E0 /* Pods-CloudAndCamera.debug.xcconfig */;
			buildSettings = {
				ASSETCATALOG_COMPILER_APPICON_NAME = AppIcon;
				CLANG_ENABLE_MODULES = YES;
				DEVELOPMENT_TEAM = 5C8D6R84CB;
				INFOPLIST_FILE = CloudAndCamera/Info.plist;
				LD_RUNPATH_SEARCH_PATHS = "$(inherited) @executable_path/Frameworks";
				PRODUCT_BUNDLE_IDENTIFIER = "Miguel-Tepale.CloudAndCamera";
				PRODUCT_NAME = "$(TARGET_NAME)";
				SWIFT_OBJC_BRIDGING_HEADER = "CloudAndCamera/CloudAndCamera-Bridging-Header.h";
				SWIFT_OPTIMIZATION_LEVEL = "-Onone";
				SWIFT_VERSION = 3.0;
			};
			name = Debug;
		};
		8C17C6651EEF3447000ACC87 /* Release */ = {
			isa = XCBuildConfiguration;
			baseConfigurationReference = F17E9A4AF6265010624ED6C1 /* Pods-CloudAndCamera.release.xcconfig */;
			buildSettings = {
				ASSETCATALOG_COMPILER_APPICON_NAME = AppIcon;
				CLANG_ENABLE_MODULES = YES;
				DEVELOPMENT_TEAM = 5C8D6R84CB;
				INFOPLIST_FILE = CloudAndCamera/Info.plist;
				LD_RUNPATH_SEARCH_PATHS = "$(inherited) @executable_path/Frameworks";
				PRODUCT_BUNDLE_IDENTIFIER = "Miguel-Tepale.CloudAndCamera";
				PRODUCT_NAME = "$(TARGET_NAME)";
				SWIFT_OBJC_BRIDGING_HEADER = "CloudAndCamera/CloudAndCamera-Bridging-Header.h";
				SWIFT_VERSION = 3.0;
			};
			name = Release;
		};
/* End XCBuildConfiguration section */

/* Begin XCConfigurationList section */
		8C17C64C1EEF3447000ACC87 /* Build configuration list for PBXProject "CloudAndCamera" */ = {
			isa = XCConfigurationList;
			buildConfigurations = (
				8C17C6611EEF3447000ACC87 /* Debug */,
				8C17C6621EEF3447000ACC87 /* Release */,
			);
			defaultConfigurationIsVisible = 0;
			defaultConfigurationName = Release;
		};
		8C17C6631EEF3447000ACC87 /* Build configuration list for PBXNativeTarget "CloudAndCamera" */ = {
			isa = XCConfigurationList;
			buildConfigurations = (
				8C17C6641EEF3447000ACC87 /* Debug */,
				8C17C6651EEF3447000ACC87 /* Release */,
			);
			defaultConfigurationIsVisible = 0;
			defaultConfigurationName = Release;
		};
/* End XCConfigurationList section */
	};
	rootObject = 8C17C6491EEF3447000ACC87 /* Project object */;
}
